
Microsoft Visual Studio Solution File, Format Version 12.00
# Visual Studio Version 16
VisualStudioVersion = 16.0.30804.86
MinimumVisualStudioVersion = 10.0.40219.1
Project("{9A19103F-16F7-4668-BE54-9A1E7A4F7556}") = "FooCargoWebUI", "FooCargoWebUI\FooCargoWebUI.csproj", "{4C638C0F-431F-4E16-A92D-1DE4B548D354}"
EndProject
Project("{D954291E-2A0B-460D-934E-DC6B0785DB48}") = "FooCargo.CoreModels", "FooCargo.CoreModels\FooCargo.CoreModels.shproj", "{EEA1E509-2070-44EB-ACE8-A690449C7FB8}"
EndProject
Global
	GlobalSection(SharedMSBuildProjectFiles) = preSolution
		FooCargo.CoreModels\FooCargo.CoreModels.projitems*{4c638c0f-431f-4e16-a92d-1de4b548d354}*SharedItemsImports = 5
		FooCargo.CoreModels\FooCargo.CoreModels.projitems*{eea1e509-2070-44eb-ace8-a690449c7fb8}*SharedItemsImports = 13
	EndGlobalSection
	GlobalSection(SolutionConfigurationPlatforms) = preSolution
		Debug|Any CPU = Debug|Any CPU
		Release|Any CPU = Release|Any CPU
	EndGlobalSection
	GlobalSection(ProjectConfigurationPlatforms) = postSolution
		{4C638C0F-431F-4E16-A92D-1DE4B548D354}.Debug|Any CPU.ActiveCfg = Debug|Any CPU
		{4C638C0F-431F-4E16-A92D-1DE4B548D354}.Debug|Any CPU.Build.0 = Debug|Any CPU
		{4C638C0F-431F-4E16-A92D-1DE4B548D354}.Release|Any CPU.ActiveCfg = Release|Any CPU
		{4C638C0F-431F-4E16-A92D-1DE4B548D354}.Release|Any CPU.Build.0 = Release|Any CPU
	EndGlobalSection
	GlobalSection(SolutionProperties) = preSolution
		HideSolutionNode = FALSE
	EndGlobalSection
	GlobalSection(ExtensibilityGlobals) = postSolution
		SolutionGuid = {CD1D1E42-B42F-40EA-ADAE-52AA925E299D}
	EndGlobalSection
EndGlobal
